PODS:
  - AEXML (4.7.0)
  - Alamofire (5.9.1)
  - DTCoreText (1.6.27):
    - DTCoreText/Core (= 1.6.27)
    - DTFoundation/Core (~> 1.7.5)
    - DTFoundation/DTAnimatedGIF (~> 1.7.5)
    - DTFoundation/DTHTMLParser (~> 1.7.5)
    - DTFoundation/UIKit (~> 1.7.5)
  - DTCoreText/Core (1.6.27):
    - DTFoundation/Core (~> 1.7.5)
    - DTFoundation/DTAnimatedGIF (~> 1.7.5)
    - DTFoundation/DTHTMLParser (~> 1.7.5)
    - DTFoundation/UIKit (~> 1.7.5)
  - DTFoundation/Core (1.7.18)
  - DTFoundation/DTAnimatedGIF (1.7.18)
  - DTFoundation/DTHTMLParser (1.7.18):
    - DTFoundation/Core
  - DTFoundation/UIKit (1.7.18):
    - DTFoundation/Core
  - HandyJSON (5.0.2)
  - Kingfisher (7.12.0)
  - Moya (15.0.0):
    - Moya/Core (= 15.0.0)
  - Moya/Core (15.0.0):
    - Alamofire (~> 5.0)
  - Moya/RxSwift (15.0.0):
    - Moya/Core
    - RxSwift (~> 6.0)
  - Popover (1.3.0)
  - PryntTrimmerView (4.0.2)
  - RxAlamofire (6.1.1):
    - RxAlamofire/Core (= 6.1.1)
  - RxAlamofire/Core (6.1.1):
    - Alamofire (~> 5.4)
    - RxSwift (~> 6.0)
  - RxCocoa (6.7.1):
    - RxRelay (= 6.7.1)
    - RxSwift (= 6.7.1)
  - RxRelay (6.7.1):
    - RxSwift (= 6.7.1)
  - RxSwift (6.7.1)
  - SnapKit (5.7.1)
  - SSZipArchive (2.5.5)
  - SteviaLayout (5.1.2)
  - Toast-Swift (5.1.1)
  - WCDB.swift (2.1.5):
    - WCDBOptimizedSQLCipher (= 1.4.4)
  - WCDBOptimizedSQLCipher (1.4.4)
  - YPImagePicker (5.2.2):
    - PryntTrimmerView (= 4.0.2)
    - SteviaLayout (= 5.1.2)

DEPENDENCIES:
  - AEXML
  - DTCoreText
  - HandyJSON
  - Kingfisher
  - Moya
  - Moya/RxSwift
  - Popover
  - RxAlamofire
  - RxCocoa
  - RxSwift
  - SnapKit
  - SSZipArchive
  - Toast-Swift
  - WCDB.swift
  - YPImagePicker

SPEC REPOS:
  trunk:
    - AEXML
    - Alamofire
    - DTCoreText
    - DTFoundation
    - HandyJSON
    - Kingfisher
    - Moya
    - Popover
    - PryntTrimmerView
    - RxAlamofire
    - RxCocoa
    - RxRelay
    - RxSwift
    - SnapKit
    - SSZipArchive
    - SteviaLayout
    - Toast-Swift
    - WCDB.swift
    - WCDBOptimizedSQLCipher
    - YPImagePicker

SPEC CHECKSUMS:
  AEXML: 5ff2a4695529348cda96b8b872cf73212ad050d7
  Alamofire: f36a35757af4587d8e4f4bfa223ad10be2422b8c
  DTCoreText: ac297b565abd3b12390d33cd6e076d875f0c0a5e
  DTFoundation: a53f8cda2489208cbc71c648be177f902ee17536
  HandyJSON: 9e4e236f5d2dbefad5155a77417bbea438201c03
  Kingfisher: 53a10ea35051a436b5fb626ca2dd8f3144d755e9
  Moya: 138f0573e53411fb3dc17016add0b748dfbd78ee
  Popover: 10e1d9528f81d9504df984b7b3f491292bc1822d
  PryntTrimmerView: 6a43cc90df5d99addeabd33d4ba09b1365322130
  RxAlamofire: beb75a1c452d0de225651db4903f5d29d034a620
  RxCocoa: f5609cb4637587a7faa99c5d5787e3ad582b75a4
  RxRelay: 4151ba01152436b08271e08410135e099880eae5
  RxSwift: b9a93a26031785159e11abd40d1a55bcb8057e52
  SnapKit: d612e99e678a2d3b95bf60b0705ed0a35c03484a
  SSZipArchive: c69881e8ac5521f0e622291387add5f60f30f3c4
  SteviaLayout: 05424e528d643657d39ce72c786e4adf13cfc5f2
  Toast-Swift: 7a03a532afe3a560d4044bc7c237e2864d295173
  WCDB.swift: 175885bda1e00d58baaa0a8f276fa0c03ba62a96
  WCDBOptimizedSQLCipher: 7f03bb7c94ad164996f0fa87d0f76026f5ab0f92
  YPImagePicker: afc81b3cffab05a6e7261c5daf80dc31b4e917b4

PODFILE CHECKSUM: 7f9932e08c3ff311b5f6eea0157454645a2e71ef

COCOAPODS: 1.15.2
